
Microsoft Visual Studio Solution File, Format Version 12.00
# Visual Studio 14
VisualStudioVersion = 14.0.25420.1
MinimumVisualStudioVersion = 10.0.40219.1
Project("{FAE04EC0-301F-11D3-BF4B-00C04F79EFBC}") = "XamarinFormsGenericApp", "XamarinFormsGenericApp\XamarinFormsGenericApp\XamarinFormsGenericApp.csproj", "{5BA922E4-D723-4E73-98F9-291328FDD701}"
EndProject
Project("{FAE04EC0-301F-11D3-BF4B-00C04F79EFBC}") = "XamarinFormsGenericApp.Droid", "XamarinFormsGenericApp\XamarinFormsGenericApp.Droid\XamarinFormsGenericApp.Droid.csproj", "{E53507F9-59EB-4E7B-9F5F-313FF5169516}"
EndProject
Project("{FAE04EC0-301F-11D3-BF4B-00C04F79EFBC}") = "XamarinFormsGenericApp.iOS", "XamarinFormsGenericApp\XamarinFormsGenericApp.iOS\XamarinFormsGenericApp.iOS.csproj", "{CCDF10F9-0960-4FED-B0BE-8F35A958C142}"
EndProject
Project("{FAE04EC0-301F-11D3-BF4B-00C04F79EFBC}") = "XamarinFormsGenericApp.WinPhone", "XamarinFormsGenericApp\XamarinFormsGenericApp.WinPhone\XamarinFormsGenericApp.WinPhone.csproj", "{1F3BC121-A75A-4DB7-B7C0-1EB966CF55B2}"
EndProject
Project("{FAE04EC0-301F-11D3-BF4B-00C04F79EFBC}") = "XamarinFormsGenericApp.UWP", "XamarinFormsGenericApp\XamarinFormsGenericApp.UWP\XamarinFormsGenericApp.UWP.csproj", "{0611D444-C34B-4945-BD70-35903E758D14}"
EndProject
Project("{FAE04EC0-301F-11D3-BF4B-00C04F79EFBC}") = "XamarinFormsGenericApp.Windows", "XamarinFormsGenericApp\XamarinFormsGenericApp.Windows\XamarinFormsGenericApp.Windows.csproj", "{FB7DEB89-AFEA-446E-AF80-FAB83971E256}"
EndProject
Project("{FAE04EC0-301F-11D3-BF4B-00C04F79EFBC}") = "Lib", "Lib\Lib\Lib.csproj", "{82D85215-BD27-4366-9E67-E83E67EB2D8A}"
EndProject
Project("{FAE04EC0-301F-11D3-BF4B-00C04F79EFBC}") = "Lib.Droid", "Lib\Lib.Droid\Lib.Droid.csproj", "{45FDC0E1-8309-4965-B4B3-B94BCC35B0DA}"
EndProject
Project("{FAE04EC0-301F-11D3-BF4B-00C04F79EFBC}") = "Lib.iOS", "Lib\Lib.iOS\Lib.iOS.csproj", "{3F6E6002-6280-45E2-BDC3-325DDA8A0B1E}"
EndProject
Project("{FAE04EC0-301F-11D3-BF4B-00C04F79EFBC}") = "Lib.UWP", "Lib\Lib.UWP\Lib.UWP.csproj", "{BBFE5CA9-90AC-4609-B2D0-B20EB2866EA1}"
EndProject
Global
	GlobalSection(SolutionConfigurationPlatforms) = preSolution
		Ad-Hoc|Any CPU = Ad-Hoc|Any CPU
		Ad-Hoc|ARM = Ad-Hoc|ARM
		Ad-Hoc|iPhone = Ad-Hoc|iPhone
		Ad-Hoc|iPhoneSimulator = Ad-Hoc|iPhoneSimulator
		Ad-Hoc|x64 = Ad-Hoc|x64
		Ad-Hoc|x86 = Ad-Hoc|x86
		AppStore|Any CPU = AppStore|Any CPU
		AppStore|ARM = AppStore|ARM
		AppStore|iPhone = AppStore|iPhone
		AppStore|iPhoneSimulator = AppStore|iPhoneSimulator
		AppStore|x64 = AppStore|x64
		AppStore|x86 = AppStore|x86
		Debug|Any CPU = Debug|Any CPU
		Debug|ARM = Debug|ARM
		Debug|iPhone = Debug|iPhone
		Debug|iPhoneSimulator = Debug|iPhoneSimulator
		Debug|x64 = Debug|x64
		Debug|x86 = Debug|x86
		Release|Any CPU = Release|Any CPU
		Release|ARM = Release|ARM
		Release|iPhone = Release|iPhone
		Release|iPhoneSimulator = Release|iPhoneSimulator
		Release|x64 = Release|x64
		Release|x86 = Release|x86
	EndGlobalSection
	GlobalSection(ProjectConfigurationPlatforms) = postSolution
		{5BA922E4-D723-4E73-98F9-291328FDD701}.Ad-Hoc|Any CPU.ActiveCfg = Release|Any CPU
		{5BA922E4-D723-4E73-98F9-291328FDD701}.Ad-Hoc|Any CPU.Build.0 = Release|Any CPU
		{5BA922E4-D723-4E73-98F9-291328FDD701}.Ad-Hoc|ARM.ActiveCfg = Release|Any CPU
		{5BA922E4-D723-4E73-98F9-291328FDD701}.Ad-Hoc|ARM.Build.0 = Release|Any CPU
		{5BA922E4-D723-4E73-98F9-291328FDD701}.Ad-Hoc|iPhone.ActiveCfg = Release|Any CPU
		{5BA922E4-D723-4E73-98F9-291328FDD701}.Ad-Hoc|iPhone.Build.0 = Release|Any CPU
		{5BA922E4-D723-4E73-98F9-291328FDD701}.Ad-Hoc|iPhoneSimulator.ActiveCfg = Release|Any CPU
		{5BA922E4-D723-4E73-98F9-291328FDD701}.Ad-Hoc|iPhoneSimulator.Build.0 = Release|Any CPU
		{5BA922E4-D723-4E73-98F9-291328FDD701}.Ad-Hoc|x64.ActiveCfg = Release|Any CPU
		{5BA922E4-D723-4E73-98F9-291328FDD701}.Ad-Hoc|x64.Build.0 = Release|Any CPU
		{5BA922E4-D723-4E73-98F9-291328FDD701}.Ad-Hoc|x86.ActiveCfg = Release|Any CPU
		{5BA922E4-D723-4E73-98F9-291328FDD701}.Ad-Hoc|x86.Build.0 = Release|Any CPU
		{5BA922E4-D723-4E73-98F9-291328FDD701}.AppStore|Any CPU.ActiveCfg = Release|Any CPU
		{5BA922E4-D723-4E73-98F9-291328FDD701}.AppStore|Any CPU.Build.0 = Release|Any CPU
		{5BA922E4-D723-4E73-98F9-291328FDD701}.AppStore|ARM.ActiveCfg = Release|Any CPU
		{5BA922E4-D723-4E73-98F9-291328FDD701}.AppStore|ARM.Build.0 = Release|Any CPU
		{5BA922E4-D723-4E73-98F9-291328FDD701}.AppStore|iPhone.ActiveCfg = Release|Any CPU
		{5BA922E4-D723-4E73-98F9-291328FDD701}.AppStore|iPhone.Build.0 = Release|Any CPU
		{5BA922E4-D723-4E73-98F9-291328FDD701}.AppStore|iPhoneSimulator.ActiveCfg = Release|Any CPU
		{5BA922E4-D723-4E73-98F9-291328FDD701}.AppStore|iPhoneSimulator.Build.0 = Release|Any CPU
		{5BA922E4-D723-4E73-98F9-291328FDD701}.AppStore|x64.ActiveCfg = Release|Any CPU
		{5BA922E4-D723-4E73-98F9-291328FDD701}.AppStore|x64.Build.0 = Release|Any CPU
		{5BA922E4-D723-4E73-98F9-291328FDD701}.AppStore|x86.ActiveCfg = Release|Any CPU
		{5BA922E4-D723-4E73-98F9-291328FDD701}.AppStore|x86.Build.0 = Release|Any CPU
		{5BA922E4-D723-4E73-98F9-291328FDD701}.Debug|Any CPU.ActiveCfg = Debug|Any CPU
		{5BA922E4-D723-4E73-98F9-291328FDD701}.Debug|Any CPU.Build.0 = Debug|Any CPU
		{5BA922E4-D723-4E73-98F9-291328FDD701}.Debug|ARM.ActiveCfg = Debug|Any CPU
		{5BA922E4-D723-4E73-98F9-291328FDD701}.Debug|ARM.Build.0 = Debug|Any CPU
		{5BA922E4-D723-4E73-98F9-291328FDD701}.Debug|iPhone.ActiveCfg = Debug|Any CPU
		{5BA922E4-D723-4E73-98F9-291328FDD701}.Debug|iPhone.Build.0 = Debug|Any CPU
		{5BA922E4-D723-4E73-98F9-291328FDD701}.Debug|iPhoneSimulator.ActiveCfg = Debug|Any CPU
		{5BA922E4-D723-4E73-98F9-291328FDD701}.Debug|iPhoneSimulator.Build.0 = Debug|Any CPU
		{5BA922E4-D723-4E73-98F9-291328FDD701}.Debug|x64.ActiveCfg = Debug|Any CPU
		{5BA922E4-D723-4E73-98F9-291328FDD701}.Debug|x64.Build.0 = Debug|Any CPU
		{5BA922E4-D723-4E73-98F9-291328FDD701}.Debug|x86.ActiveCfg = Debug|Any CPU
		{5BA922E4-D723-4E73-98F9-291328FDD701}.Debug|x86.Build.0 = Debug|Any CPU
		{5BA922E4-D723-4E73-98F9-291328FDD701}.Release|Any CPU.ActiveCfg = Release|Any CPU
		{5BA922E4-D723-4E73-98F9-291328FDD701}.Release|Any CPU.Build.0 = Release|Any CPU
		{5BA922E4-D723-4E73-98F9-291328FDD701}.Release|ARM.ActiveCfg = Release|Any CPU
		{5BA922E4-D723-4E73-98F9-291328FDD701}.Release|ARM.Build.0 = Release|Any CPU
		{5BA922E4-D723-4E73-98F9-291328FDD701}.Release|iPhone.ActiveCfg = Release|Any CPU
		{5BA922E4-D723-4E73-98F9-291328FDD701}.Release|iPhone.Build.0 = Release|Any CPU
		{5BA922E4-D723-4E73-98F9-291328FDD701}.Release|iPhoneSimulator.ActiveCfg = Release|Any CPU
		{5BA922E4-D723-4E73-98F9-291328FDD701}.Release|iPhoneSimulator.Build.0 = Release|Any CPU
		{5BA922E4-D723-4E73-98F9-291328FDD701}.Release|x64.ActiveCfg = Release|Any CPU
		{5BA922E4-D723-4E73-98F9-291328FDD701}.Release|x64.Build.0 = Release|Any CPU
		{5BA922E4-D723-4E73-98F9-291328FDD701}.Release|x86.ActiveCfg = Release|Any CPU
		{5BA922E4-D723-4E73-98F9-291328FDD701}.Release|x86.Build.0 = Release|Any CPU
		{E53507F9-59EB-4E7B-9F5F-313FF5169516}.Ad-Hoc|Any CPU.ActiveCfg = Release|Any CPU
		{E53507F9-59EB-4E7B-9F5F-313FF5169516}.Ad-Hoc|Any CPU.Build.0 = Release|Any CPU
		{E53507F9-59EB-4E7B-9F5F-313FF5169516}.Ad-Hoc|Any CPU.Deploy.0 = Release|Any CPU
		{E53507F9-59EB-4E7B-9F5F-313FF5169516}.Ad-Hoc|ARM.ActiveCfg = Release|Any CPU
		{E53507F9-59EB-4E7B-9F5F-313FF5169516}.Ad-Hoc|ARM.Build.0 = Release|Any CPU
		{E53507F9-59EB-4E7B-9F5F-313FF5169516}.Ad-Hoc|ARM.Deploy.0 = Release|Any CPU
		{E53507F9-59EB-4E7B-9F5F-313FF5169516}.Ad-Hoc|iPhone.ActiveCfg = Release|Any CPU
		{E53507F9-59EB-4E7B-9F5F-313FF5169516}.Ad-Hoc|iPhone.Build.0 = Release|Any CPU
		{E53507F9-59EB-4E7B-9F5F-313FF5169516}.Ad-Hoc|iPhone.Deploy.0 = Release|Any CPU
		{E53507F9-59EB-4E7B-9F5F-313FF5169516}.Ad-Hoc|iPhoneSimulator.ActiveCfg = Release|Any CPU
		{E53507F9-59EB-4E7B-9F5F-313FF5169516}.Ad-Hoc|iPhoneSimulator.Build.0 = Release|Any CPU
		{E53507F9-59EB-4E7B-9F5F-313FF5169516}.Ad-Hoc|iPhoneSimulator.Deploy.0 = Release|Any CPU
		{E53507F9-59EB-4E7B-9F5F-313FF5169516}.Ad-Hoc|x64.ActiveCfg = Release|Any CPU
		{E53507F9-59EB-4E7B-9F5F-313FF5169516}.Ad-Hoc|x64.Build.0 = Release|Any CPU
		{E53507F9-59EB-4E7B-9F5F-313FF5169516}.Ad-Hoc|x64.Deploy.0 = Release|Any CPU
		{E53507F9-59EB-4E7B-9F5F-313FF5169516}.Ad-Hoc|x86.ActiveCfg = Release|Any CPU
		{E53507F9-59EB-4E7B-9F5F-313FF5169516}.Ad-Hoc|x86.Build.0 = Release|Any CPU
		{E53507F9-59EB-4E7B-9F5F-313FF5169516}.Ad-Hoc|x86.Deploy.0 = Release|Any CPU
		{E53507F9-59EB-4E7B-9F5F-313FF5169516}.AppStore|Any CPU.ActiveCfg = Release|Any CPU
		{E53507F9-59EB-4E7B-9F5F-313FF5169516}.AppStore|Any CPU.Build.0 = Release|Any CPU
		{E53507F9-59EB-4E7B-9F5F-313FF5169516}.AppStore|Any CPU.Deploy.0 = Release|Any CPU
		{E53507F9-59EB-4E7B-9F5F-313FF5169516}.AppStore|ARM.ActiveCfg = Release|Any CPU
		{E53507F9-59EB-4E7B-9F5F-313FF5169516}.AppStore|ARM.Build.0 = Release|Any CPU
		{E53507F9-59EB-4E7B-9F5F-313FF5169516}.AppStore|ARM.Deploy.0 = Release|Any CPU
		{E53507F9-59EB-4E7B-9F5F-313FF5169516}.AppStore|iPhone.ActiveCfg = Release|Any CPU
		{E53507F9-59EB-4E7B-9F5F-313FF5169516}.AppStore|iPhone.Build.0 = Release|Any CPU
		{E53507F9-59EB-4E7B-9F5F-313FF5169516}.AppStore|iPhone.Deploy.0 = Release|Any CPU
		{E53507F9-59EB-4E7B-9F5F-313FF5169516}.AppStore|iPhoneSimulator.ActiveCfg = Release|Any CPU
		{E53507F9-59EB-4E7B-9F5F-313FF5169516}.AppStore|iPhoneSimulator.Build.0 = Release|Any CPU
		{E53507F9-59EB-4E7B-9F5F-313FF5169516}.AppStore|iPhoneSimulator.Deploy.0 = Release|Any CPU
		{E53507F9-59EB-4E7B-9F5F-313FF5169516}.AppStore|x64.ActiveCfg = Release|Any CPU
		{E53507F9-59EB-4E7B-9F5F-313FF5169516}.AppStore|x64.Build.0 = Release|Any CPU
		{E53507F9-59EB-4E7B-9F5F-313FF5169516}.AppStore|x64.Deploy.0 = Release|Any CPU
		{E53507F9-59EB-4E7B-9F5F-313FF5169516}.AppStore|x86.ActiveCfg = Release|Any CPU
		{E53507F9-59EB-4E7B-9F5F-313FF5169516}.AppStore|x86.Build.0 = Release|Any CPU
		{E53507F9-59EB-4E7B-9F5F-313FF5169516}.AppStore|x86.Deploy.0 = Release|Any CPU
		{E53507F9-59EB-4E7B-9F5F-313FF5169516}.Debug|Any CPU.ActiveCfg = Debug|Any CPU
		{E53507F9-59EB-4E7B-9F5F-313FF5169516}.Debug|Any CPU.Build.0 = Debug|Any CPU
		{E53507F9-59EB-4E7B-9F5F-313FF5169516}.Debug|Any CPU.Deploy.0 = Debug|Any CPU
		{E53507F9-59EB-4E7B-9F5F-313FF5169516}.Debug|ARM.ActiveCfg = Debug|Any CPU
		{E53507F9-59EB-4E7B-9F5F-313FF5169516}.Debug|ARM.Build.0 = Debug|Any CPU
		{E53507F9-59EB-4E7B-9F5F-313FF5169516}.Debug|ARM.Deploy.0 = Debug|Any CPU
		{E53507F9-59EB-4E7B-9F5F-313FF5169516}.Debug|iPhone.ActiveCfg = Debug|Any CPU
		{E53507F9-59EB-4E7B-9F5F-313FF5169516}.Debug|iPhone.Build.0 = Debug|Any CPU
		{E53507F9-59EB-4E7B-9F5F-313FF5169516}.Debug|iPhone.Deploy.0 = Debug|Any CPU
		{E53507F9-59EB-4E7B-9F5F-313FF5169516}.Debug|iPhoneSimulator.ActiveCfg = Debug|Any CPU
		{E53507F9-59EB-4E7B-9F5F-313FF5169516}.Debug|iPhoneSimulator.Build.0 = Debug|Any CPU
		{E53507F9-59EB-4E7B-9F5F-313FF5169516}.Debug|iPhoneSimulator.Deploy.0 = Debug|Any CPU
		{E53507F9-59EB-4E7B-9F5F-313FF5169516}.Debug|x64.ActiveCfg = Debug|Any CPU
		{E53507F9-59EB-4E7B-9F5F-313FF5169516}.Debug|x64.Build.0 = Debug|Any CPU
		{E53507F9-59EB-4E7B-9F5F-313FF5169516}.Debug|x64.Deploy.0 = Debug|Any CPU
		{E53507F9-59EB-4E7B-9F5F-313FF5169516}.Debug|x86.ActiveCfg = Debug|Any CPU
		{E53507F9-59EB-4E7B-9F5F-313FF5169516}.Debug|x86.Build.0 = Debug|Any CPU
		{E53507F9-59EB-4E7B-9F5F-313FF5169516}.Debug|x86.Deploy.0 = Debug|Any CPU
		{E53507F9-59EB-4E7B-9F5F-313FF5169516}.Release|Any CPU.ActiveCfg = Release|Any CPU
		{E53507F9-59EB-4E7B-9F5F-313FF5169516}.Release|Any CPU.Build.0 = Release|Any CPU
		{E53507F9-59EB-4E7B-9F5F-313FF5169516}.Release|Any CPU.Deploy.0 = Release|Any CPU
		{E53507F9-59EB-4E7B-9F5F-313FF5169516}.Release|ARM.ActiveCfg = Release|Any CPU
		{E53507F9-59EB-4E7B-9F5F-313FF5169516}.Release|ARM.Build.0 = Release|Any CPU
		{E53507F9-59EB-4E7B-9F5F-313FF5169516}.Release|ARM.Deploy.0 = Release|Any CPU
		{E53507F9-59EB-4E7B-9F5F-313FF5169516}.Release|iPhone.ActiveCfg = Release|Any CPU
		{E53507F9-59EB-4E7B-9F5F-313FF5169516}.Release|iPhone.Build.0 = Release|Any CPU
		{E53507F9-59EB-4E7B-9F5F-313FF5169516}.Release|iPhone.Deploy.0 = Release|Any CPU
		{E53507F9-59EB-4E7B-9F5F-313FF5169516}.Release|iPhoneSimulator.ActiveCfg = Release|Any CPU
		{E53507F9-59EB-4E7B-9F5F-313FF5169516}.Release|iPhoneSimulator.Build.0 = Release|Any CPU
		{E53507F9-59EB-4E7B-9F5F-313FF5169516}.Release|iPhoneSimulator.Deploy.0 = Release|Any CPU
		{E53507F9-59EB-4E7B-9F5F-313FF5169516}.Release|x64.ActiveCfg = Release|Any CPU
		{E53507F9-59EB-4E7B-9F5F-313FF5169516}.Release|x64.Build.0 = Release|Any CPU
		{E53507F9-59EB-4E7B-9F5F-313FF5169516}.Release|x64.Deploy.0 = Release|Any CPU
		{E53507F9-59EB-4E7B-9F5F-313FF5169516}.Release|x86.ActiveCfg = Release|Any CPU
		{E53507F9-59EB-4E7B-9F5F-313FF5169516}.Release|x86.Build.0 = Release|Any CPU
		{E53507F9-59EB-4E7B-9F5F-313FF5169516}.Release|x86.Deploy.0 = Release|Any CPU
		{CCDF10F9-0960-4FED-B0BE-8F35A958C142}.Ad-Hoc|Any CPU.ActiveCfg = Ad-Hoc|iPhone
		{CCDF10F9-0960-4FED-B0BE-8F35A958C142}.Ad-Hoc|ARM.ActiveCfg = Ad-Hoc|iPhone
		{CCDF10F9-0960-4FED-B0BE-8F35A958C142}.Ad-Hoc|iPhone.ActiveCfg = Ad-Hoc|iPhone
		{CCDF10F9-0960-4FED-B0BE-8F35A958C142}.Ad-Hoc|iPhone.Build.0 = Ad-Hoc|iPhone
		{CCDF10F9-0960-4FED-B0BE-8F35A958C142}.Ad-Hoc|iPhoneSimulator.ActiveCfg = Ad-Hoc|iPhoneSimulator
		{CCDF10F9-0960-4FED-B0BE-8F35A958C142}.Ad-Hoc|iPhoneSimulator.Build.0 = Ad-Hoc|iPhoneSimulator
		{CCDF10F9-0960-4FED-B0BE-8F35A958C142}.Ad-Hoc|x64.ActiveCfg = Ad-Hoc|iPhone
		{CCDF10F9-0960-4FED-B0BE-8F35A958C142}.Ad-Hoc|x86.ActiveCfg = Ad-Hoc|iPhone
		{CCDF10F9-0960-4FED-B0BE-8F35A958C142}.AppStore|Any CPU.ActiveCfg = AppStore|iPhone
		{CCDF10F9-0960-4FED-B0BE-8F35A958C142}.AppStore|ARM.ActiveCfg = AppStore|iPhone
		{CCDF10F9-0960-4FED-B0BE-8F35A958C142}.AppStore|iPhone.ActiveCfg = AppStore|iPhone
		{CCDF10F9-0960-4FED-B0BE-8F35A958C142}.AppStore|iPhone.Build.0 = AppStore|iPhone
		{CCDF10F9-0960-4FED-B0BE-8F35A958C142}.AppStore|iPhoneSimulator.ActiveCfg = AppStore|iPhoneSimulator
		{CCDF10F9-0960-4FED-B0BE-8F35A958C142}.AppStore|iPhoneSimulator.Build.0 = AppStore|iPhoneSimulator
		{CCDF10F9-0960-4FED-B0BE-8F35A958C142}.AppStore|x64.ActiveCfg = AppStore|iPhone
		{CCDF10F9-0960-4FED-B0BE-8F35A958C142}.AppStore|x86.ActiveCfg = AppStore|iPhone
		{CCDF10F9-0960-4FED-B0BE-8F35A958C142}.Debug|Any CPU.ActiveCfg = Debug|iPhone
		{CCDF10F9-0960-4FED-B0BE-8F35A958C142}.Debug|ARM.ActiveCfg = Debug|iPhone
		{CCDF10F9-0960-4FED-B0BE-8F35A958C142}.Debug|iPhone.ActiveCfg = Debug|iPhone
		{CCDF10F9-0960-4FED-B0BE-8F35A958C142}.Debug|iPhone.Build.0 = Debug|iPhone
		{CCDF10F9-0960-4FED-B0BE-8F35A958C142}.Debug|iPhoneSimulator.ActiveCfg = Debug|iPhoneSimulator
		{CCDF10F9-0960-4FED-B0BE-8F35A958C142}.Debug|iPhoneSimulator.Build.0 = Debug|iPhoneSimulator
		{CCDF10F9-0960-4FED-B0BE-8F35A958C142}.Debug|x64.ActiveCfg = Debug|iPhone
		{CCDF10F9-0960-4FED-B0BE-8F35A958C142}.Debug|x86.ActiveCfg = Debug|iPhone
		{CCDF10F9-0960-4FED-B0BE-8F35A958C142}.Release|Any CPU.ActiveCfg = Release|iPhone
		{CCDF10F9-0960-4FED-B0BE-8F35A958C142}.Release|ARM.ActiveCfg = Release|iPhone
		{CCDF10F9-0960-4FED-B0BE-8F35A958C142}.Release|iPhone.ActiveCfg = Release|iPhone
		{CCDF10F9-0960-4FED-B0BE-8F35A958C142}.Release|iPhone.Build.0 = Release|iPhone
		{CCDF10F9-0960-4FED-B0BE-8F35A958C142}.Release|iPhoneSimulator.ActiveCfg = Release|iPhoneSimulator
		{CCDF10F9-0960-4FED-B0BE-8F35A958C142}.Release|iPhoneSimulator.Build.0 = Release|iPhoneSimulator
		{CCDF10F9-0960-4FED-B0BE-8F35A958C142}.Release|x64.ActiveCfg = Release|iPhone
		{CCDF10F9-0960-4FED-B0BE-8F35A958C142}.Release|x86.ActiveCfg = Release|iPhone
		{1F3BC121-A75A-4DB7-B7C0-1EB966CF55B2}.Ad-Hoc|Any CPU.ActiveCfg = Release|Any CPU
		{1F3BC121-A75A-4DB7-B7C0-1EB966CF55B2}.Ad-Hoc|Any CPU.Build.0 = Release|Any CPU
		{1F3BC121-A75A-4DB7-B7C0-1EB966CF55B2}.Ad-Hoc|Any CPU.Deploy.0 = Release|Any CPU
		{1F3BC121-A75A-4DB7-B7C0-1EB966CF55B2}.Ad-Hoc|ARM.ActiveCfg = Release|ARM
		{1F3BC121-A75A-4DB7-B7C0-1EB966CF55B2}.Ad-Hoc|ARM.Build.0 = Release|ARM
		{1F3BC121-A75A-4DB7-B7C0-1EB966CF55B2}.Ad-Hoc|ARM.Deploy.0 = Release|ARM
		{1F3BC121-A75A-4DB7-B7C0-1EB966CF55B2}.Ad-Hoc|iPhone.ActiveCfg = Release|Any CPU
		{1F3BC121-A75A-4DB7-B7C0-1EB966CF55B2}.Ad-Hoc|iPhone.Build.0 = Release|Any CPU
		{1F3BC121-A75A-4DB7-B7C0-1EB966CF55B2}.Ad-Hoc|iPhone.Deploy.0 = Release|Any CPU
		{1F3BC121-A75A-4DB7-B7C0-1EB966CF55B2}.Ad-Hoc|iPhoneSimulator.ActiveCfg = Release|Any CPU
		{1F3BC121-A75A-4DB7-B7C0-1EB966CF55B2}.Ad-Hoc|iPhoneSimulator.Build.0 = Release|Any CPU
		{1F3BC121-A75A-4DB7-B7C0-1EB966CF55B2}.Ad-Hoc|iPhoneSimulator.Deploy.0 = Release|Any CPU
		{1F3BC121-A75A-4DB7-B7C0-1EB966CF55B2}.Ad-Hoc|x64.ActiveCfg = Release|Any CPU
		{1F3BC121-A75A-4DB7-B7C0-1EB966CF55B2}.Ad-Hoc|x64.Build.0 = Release|Any CPU
		{1F3BC121-A75A-4DB7-B7C0-1EB966CF55B2}.Ad-Hoc|x64.Deploy.0 = Release|Any CPU
		{1F3BC121-A75A-4DB7-B7C0-1EB966CF55B2}.Ad-Hoc|x86.ActiveCfg = Release|x86
		{1F3BC121-A75A-4DB7-B7C0-1EB966CF55B2}.Ad-Hoc|x86.Build.0 = Release|x86
		{1F3BC121-A75A-4DB7-B7C0-1EB966CF55B2}.Ad-Hoc|x86.Deploy.0 = Release|x86
		{1F3BC121-A75A-4DB7-B7C0-1EB966CF55B2}.AppStore|Any CPU.ActiveCfg = Release|Any CPU
		{1F3BC121-A75A-4DB7-B7C0-1EB966CF55B2}.AppStore|Any CPU.Build.0 = Release|Any CPU
		{1F3BC121-A75A-4DB7-B7C0-1EB966CF55B2}.AppStore|Any CPU.Deploy.0 = Release|Any CPU
		{1F3BC121-A75A-4DB7-B7C0-1EB966CF55B2}.AppStore|ARM.ActiveCfg = Release|ARM
		{1F3BC121-A75A-4DB7-B7C0-1EB966CF55B2}.AppStore|ARM.Build.0 = Release|ARM
		{1F3BC121-A75A-4DB7-B7C0-1EB966CF55B2}.AppStore|ARM.Deploy.0 = Release|ARM
		{1F3BC121-A75A-4DB7-B7C0-1EB966CF55B2}.AppStore|iPhone.ActiveCfg = Release|Any CPU
		{1F3BC121-A75A-4DB7-B7C0-1EB966CF55B2}.AppStore|iPhone.Build.0 = Release|Any CPU
		{1F3BC121-A75A-4DB7-B7C0-1EB966CF55B2}.AppStore|iPhone.Deploy.0 = Release|Any CPU
		{1F3BC121-A75A-4DB7-B7C0-1EB966CF55B2}.AppStore|iPhoneSimulator.ActiveCfg = Release|Any CPU
		{1F3BC121-A75A-4DB7-B7C0-1EB966CF55B2}.AppStore|iPhoneSimulator.Build.0 = Release|Any CPU
		{1F3BC121-A75A-4DB7-B7C0-1EB966CF55B2}.AppStore|iPhoneSimulator.Deploy.0 = Release|Any CPU
		{1F3BC121-A75A-4DB7-B7C0-1EB966CF55B2}.AppStore|x64.ActiveCfg = Release|Any CPU
		{1F3BC121-A75A-4DB7-B7C0-1EB966CF55B2}.AppStore|x64.Build.0 = Release|Any CPU
		{1F3BC121-A75A-4DB7-B7C0-1EB966CF55B2}.AppStore|x64.Deploy.0 = Release|Any CPU
		{1F3BC121-A75A-4DB7-B7C0-1EB966CF55B2}.AppStore|x86.ActiveCfg = Release|x86
		{1F3BC121-A75A-4DB7-B7C0-1EB966CF55B2}.AppStore|x86.Build.0 = Release|x86
		{1F3BC121-A75A-4DB7-B7C0-1EB966CF55B2}.AppStore|x86.Deploy.0 = Release|x86
		{1F3BC121-A75A-4DB7-B7C0-1EB966CF55B2}.Debug|Any CPU.ActiveCfg = Debug|Any CPU
		{1F3BC121-A75A-4DB7-B7C0-1EB966CF55B2}.Debug|Any CPU.Build.0 = Debug|Any CPU
		{1F3BC121-A75A-4DB7-B7C0-1EB966CF55B2}.Debug|Any CPU.Deploy.0 = Debug|Any CPU
		{1F3BC121-A75A-4DB7-B7C0-1EB966CF55B2}.Debug|ARM.ActiveCfg = Debug|ARM
		{1F3BC121-A75A-4DB7-B7C0-1EB966CF55B2}.Debug|ARM.Build.0 = Debug|ARM
		{1F3BC121-A75A-4DB7-B7C0-1EB966CF55B2}.Debug|ARM.Deploy.0 = Debug|ARM
		{1F3BC121-A75A-4DB7-B7C0-1EB966CF55B2}.Debug|iPhone.ActiveCfg = Debug|Any CPU
		{1F3BC121-A75A-4DB7-B7C0-1EB966CF55B2}.Debug|iPhone.Build.0 = Debug|Any CPU
		{1F3BC121-A75A-4DB7-B7C0-1EB966CF55B2}.Debug|iPhone.Deploy.0 = Debug|Any CPU
		{1F3BC121-A75A-4DB7-B7C0-1EB966CF55B2}.Debug|iPhoneSimulator.ActiveCfg = Debug|Any CPU
		{1F3BC121-A75A-4DB7-B7C0-1EB966CF55B2}.Debug|iPhoneSimulator.Build.0 = Debug|Any CPU
		{1F3BC121-A75A-4DB7-B7C0-1EB966CF55B2}.Debug|iPhoneSimulator.Deploy.0 = Debug|Any CPU
		{1F3BC121-A75A-4DB7-B7C0-1EB966CF55B2}.Debug|x64.ActiveCfg = Debug|Any CPU
		{1F3BC121-A75A-4DB7-B7C0-1EB966CF55B2}.Debug|x64.Build.0 = Debug|Any CPU
		{1F3BC121-A75A-4DB7-B7C0-1EB966CF55B2}.Debug|x64.Deploy.0 = Debug|Any CPU
		{1F3BC121-A75A-4DB7-B7C0-1EB966CF55B2}.Debug|x86.ActiveCfg = Debug|x86
		{1F3BC121-A75A-4DB7-B7C0-1EB966CF55B2}.Debug|x86.Build.0 = Debug|x86
		{1F3BC121-A75A-4DB7-B7C0-1EB966CF55B2}.Debug|x86.Deploy.0 = Debug|x86
		{1F3BC121-A75A-4DB7-B7C0-1EB966CF55B2}.Release|Any CPU.ActiveCfg = Release|Any CPU
		{1F3BC121-A75A-4DB7-B7C0-1EB966CF55B2}.Release|Any CPU.Build.0 = Release|Any CPU
		{1F3BC121-A75A-4DB7-B7C0-1EB966CF55B2}.Release|Any CPU.Deploy.0 = Release|Any CPU
		{1F3BC121-A75A-4DB7-B7C0-1EB966CF55B2}.Release|ARM.ActiveCfg = Release|ARM
		{1F3BC121-A75A-4DB7-B7C0-1EB966CF55B2}.Release|ARM.Build.0 = Release|ARM
		{1F3BC121-A75A-4DB7-B7C0-1EB966CF55B2}.Release|ARM.Deploy.0 = Release|ARM
		{1F3BC121-A75A-4DB7-B7C0-1EB966CF55B2}.Release|iPhone.ActiveCfg = Release|Any CPU
		{1F3BC121-A75A-4DB7-B7C0-1EB966CF55B2}.Release|iPhone.Build.0 = Release|Any CPU
		{1F3BC121-A75A-4DB7-B7C0-1EB966CF55B2}.Release|iPhone.Deploy.0 = Release|Any CPU
		{1F3BC121-A75A-4DB7-B7C0-1EB966CF55B2}.Release|iPhoneSimulator.ActiveCfg = Release|Any CPU
		{1F3BC121-A75A-4DB7-B7C0-1EB966CF55B2}.Release|iPhoneSimulator.Build.0 = Release|Any CPU
		{1F3BC121-A75A-4DB7-B7C0-1EB966CF55B2}.Release|iPhoneSimulator.Deploy.0 = Release|Any CPU
		{1F3BC121-A75A-4DB7-B7C0-1EB966CF55B2}.Release|x64.ActiveCfg = Release|Any CPU
		{1F3BC121-A75A-4DB7-B7C0-1EB966CF55B2}.Release|x64.Build.0 = Release|Any CPU
		{1F3BC121-A75A-4DB7-B7C0-1EB966CF55B2}.Release|x64.Deploy.0 = Release|Any CPU
		{1F3BC121-A75A-4DB7-B7C0-1EB966CF55B2}.Release|x86.ActiveCfg = Release|x86
		{1F3BC121-A75A-4DB7-B7C0-1EB966CF55B2}.Release|x86.Build.0 = Release|x86
		{1F3BC121-A75A-4DB7-B7C0-1EB966CF55B2}.Release|x86.Deploy.0 = Release|x86
		{0611D444-C34B-4945-BD70-35903E758D14}.Ad-Hoc|Any CPU.ActiveCfg = Release|x86
		{0611D444-C34B-4945-BD70-35903E758D14}.Ad-Hoc|Any CPU.Build.0 = Release|x86
		{0611D444-C34B-4945-BD70-35903E758D14}.Ad-Hoc|Any CPU.Deploy.0 = Release|x86
		{0611D444-C34B-4945-BD70-35903E758D14}.Ad-Hoc|ARM.ActiveCfg = Release|ARM
		{0611D444-C34B-4945-BD70-35903E758D14}.Ad-Hoc|ARM.Build.0 = Release|ARM
		{0611D444-C34B-4945-BD70-35903E758D14}.Ad-Hoc|ARM.Deploy.0 = Release|ARM
		{0611D444-C34B-4945-BD70-35903E758D14}.Ad-Hoc|iPhone.ActiveCfg = Release|x86
		{0611D444-C34B-4945-BD70-35903E758D14}.Ad-Hoc|iPhone.Build.0 = Release|x86
		{0611D444-C34B-4945-BD70-35903E758D14}.Ad-Hoc|iPhone.Deploy.0 = Release|x86
		{0611D444-C34B-4945-BD70-35903E758D14}.Ad-Hoc|iPhoneSimulator.ActiveCfg = Release|x86
		{0611D444-C34B-4945-BD70-35903E758D14}.Ad-Hoc|iPhoneSimulator.Build.0 = Release|x86
		{0611D444-C34B-4945-BD70-35903E758D14}.Ad-Hoc|iPhoneSimulator.Deploy.0 = Release|x86
		{0611D444-C34B-4945-BD70-35903E758D14}.Ad-Hoc|x64.ActiveCfg = Release|x64
		{0611D444-C34B-4945-BD70-35903E758D14}.Ad-Hoc|x64.Build.0 = Release|x64
		{0611D444-C34B-4945-BD70-35903E758D14}.Ad-Hoc|x64.Deploy.0 = Release|x64
		{0611D444-C34B-4945-BD70-35903E758D14}.Ad-Hoc|x86.ActiveCfg = Release|x86
		{0611D444-C34B-4945-BD70-35903E758D14}.Ad-Hoc|x86.Build.0 = Release|x86
		{0611D444-C34B-4945-BD70-35903E758D14}.Ad-Hoc|x86.Deploy.0 = Release|x86
		{0611D444-C34B-4945-BD70-35903E758D14}.AppStore|Any CPU.ActiveCfg = Release|x86
		{0611D444-C34B-4945-BD70-35903E758D14}.AppStore|Any CPU.Build.0 = Release|x86
		{0611D444-C34B-4945-BD70-35903E758D14}.AppStore|Any CPU.Deploy.0 = Release|x86
		{0611D444-C34B-4945-BD70-35903E758D14}.AppStore|ARM.ActiveCfg = Release|ARM
		{0611D444-C34B-4945-BD70-35903E758D14}.AppStore|ARM.Build.0 = Release|ARM
		{0611D444-C34B-4945-BD70-35903E758D14}.AppStore|ARM.Deploy.0 = Release|ARM
		{0611D444-C34B-4945-BD70-35903E758D14}.AppStore|iPhone.ActiveCfg = Release|x86
		{0611D444-C34B-4945-BD70-35903E758D14}.AppStore|iPhone.Build.0 = Release|x86
		{0611D444-C34B-4945-BD70-35903E758D14}.AppStore|iPhone.Deploy.0 = Release|x86
		{0611D444-C34B-4945-BD70-35903E758D14}.AppStore|iPhoneSimulator.ActiveCfg = Release|x86
		{0611D444-C34B-4945-BD70-35903E758D14}.AppStore|iPhoneSimulator.Build.0 = Release|x86
		{0611D444-C34B-4945-BD70-35903E758D14}.AppStore|iPhoneSimulator.Deploy.0 = Release|x86
		{0611D444-C34B-4945-BD70-35903E758D14}.AppStore|x64.ActiveCfg = Release|x64
		{0611D444-C34B-4945-BD70-35903E758D14}.AppStore|x64.Build.0 = Release|x64
		{0611D444-C34B-4945-BD70-35903E758D14}.AppStore|x64.Deploy.0 = Release|x64
		{0611D444-C34B-4945-BD70-35903E758D14}.AppStore|x86.ActiveCfg = Release|x86
		{0611D444-C34B-4945-BD70-35903E758D14}.AppStore|x86.Build.0 = Release|x86
		{0611D444-C34B-4945-BD70-35903E758D14}.AppStore|x86.Deploy.0 = Release|x86
		{0611D444-C34B-4945-BD70-35903E758D14}.Debug|Any CPU.ActiveCfg = Debug|x86
		{0611D444-C34B-4945-BD70-35903E758D14}.Debug|ARM.ActiveCfg = Debug|ARM
		{0611D444-C34B-4945-BD70-35903E758D14}.Debug|ARM.Build.0 = Debug|ARM
		{0611D444-C34B-4945-BD70-35903E758D14}.Debug|ARM.Deploy.0 = Debug|ARM
		{0611D444-C34B-4945-BD70-35903E758D14}.Debug|iPhone.ActiveCfg = Debug|x86
		{0611D444-C34B-4945-BD70-35903E758D14}.Debug|iPhoneSimulator.ActiveCfg = Debug|x86
		{0611D444-C34B-4945-BD70-35903E758D14}.Debug|x64.ActiveCfg = Debug|x64
		{0611D444-C34B-4945-BD70-35903E758D14}.Debug|x64.Build.0 = Debug|x64
		{0611D444-C34B-4945-BD70-35903E758D14}.Debug|x64.Deploy.0 = Debug|x64
		{0611D444-C34B-4945-BD70-35903E758D14}.Debug|x86.ActiveCfg = Debug|x86
		{0611D444-C34B-4945-BD70-35903E758D14}.Debug|x86.Build.0 = Debug|x86
		{0611D444-C34B-4945-BD70-35903E758D14}.Debug|x86.Deploy.0 = Debug|x86
		{0611D444-C34B-4945-BD70-35903E758D14}.Release|Any CPU.ActiveCfg = Release|x86
		{0611D444-C34B-4945-BD70-35903E758D14}.Release|ARM.ActiveCfg = Release|ARM
		{0611D444-C34B-4945-BD70-35903E758D14}.Release|ARM.Build.0 = Release|ARM
		{0611D444-C34B-4945-BD70-35903E758D14}.Release|ARM.Deploy.0 = Release|ARM
		{0611D444-C34B-4945-BD70-35903E758D14}.Release|iPhone.ActiveCfg = Release|x86
		{0611D444-C34B-4945-BD70-35903E758D14}.Release|iPhoneSimulator.ActiveCfg = Release|x86
		{0611D444-C34B-4945-BD70-35903E758D14}.Release|x64.ActiveCfg = Release|x64
		{0611D444-C34B-4945-BD70-35903E758D14}.Release|x64.Build.0 = Release|x64
		{0611D444-C34B-4945-BD70-35903E758D14}.Release|x64.Deploy.0 = Release|x64
		{0611D444-C34B-4945-BD70-35903E758D14}.Release|x86.ActiveCfg = Release|x86
		{0611D444-C34B-4945-BD70-35903E758D14}.Release|x86.Build.0 = Release|x86
		{0611D444-C34B-4945-BD70-35903E758D14}.Release|x86.Deploy.0 = Release|x86
		{FB7DEB89-AFEA-446E-AF80-FAB83971E256}.Ad-Hoc|Any CPU.ActiveCfg = Release|Any CPU
		{FB7DEB89-AFEA-446E-AF80-FAB83971E256}.Ad-Hoc|Any CPU.Build.0 = Release|Any CPU
		{FB7DEB89-AFEA-446E-AF80-FAB83971E256}.Ad-Hoc|Any CPU.Deploy.0 = Release|Any CPU
		{FB7DEB89-AFEA-446E-AF80-FAB83971E256}.Ad-Hoc|ARM.ActiveCfg = Release|ARM
		{FB7DEB89-AFEA-446E-AF80-FAB83971E256}.Ad-Hoc|ARM.Build.0 = Release|ARM
		{FB7DEB89-AFEA-446E-AF80-FAB83971E256}.Ad-Hoc|ARM.Deploy.0 = Release|ARM
		{FB7DEB89-AFEA-446E-AF80-FAB83971E256}.Ad-Hoc|iPhone.ActiveCfg = Release|Any CPU
		{FB7DEB89-AFEA-446E-AF80-FAB83971E256}.Ad-Hoc|iPhone.Build.0 = Release|Any CPU
		{FB7DEB89-AFEA-446E-AF80-FAB83971E256}.Ad-Hoc|iPhone.Deploy.0 = Release|Any CPU
		{FB7DEB89-AFEA-446E-AF80-FAB83971E256}.Ad-Hoc|iPhoneSimulator.ActiveCfg = Release|Any CPU
		{FB7DEB89-AFEA-446E-AF80-FAB83971E256}.Ad-Hoc|iPhoneSimulator.Build.0 = Release|Any CPU
		{FB7DEB89-AFEA-446E-AF80-FAB83971E256}.Ad-Hoc|iPhoneSimulator.Deploy.0 = Release|Any CPU
		{FB7DEB89-AFEA-446E-AF80-FAB83971E256}.Ad-Hoc|x64.ActiveCfg = Release|x64
		{FB7DEB89-AFEA-446E-AF80-FAB83971E256}.Ad-Hoc|x64.Build.0 = Release|x64
		{FB7DEB89-AFEA-446E-AF80-FAB83971E256}.Ad-Hoc|x64.Deploy.0 = Release|x64
		{FB7DEB89-AFEA-446E-AF80-FAB83971E256}.Ad-Hoc|x86.ActiveCfg = Release|x86
		{FB7DEB89-AFEA-446E-AF80-FAB83971E256}.Ad-Hoc|x86.Build.0 = Release|x86
		{FB7DEB89-AFEA-446E-AF80-FAB83971E256}.Ad-Hoc|x86.Deploy.0 = Release|x86
		{FB7DEB89-AFEA-446E-AF80-FAB83971E256}.AppStore|Any CPU.ActiveCfg = Release|Any CPU
		{FB7DEB89-AFEA-446E-AF80-FAB83971E256}.AppStore|Any CPU.Build.0 = Release|Any CPU
		{FB7DEB89-AFEA-446E-AF80-FAB83971E256}.AppStore|Any CPU.Deploy.0 = Release|Any CPU
		{FB7DEB89-AFEA-446E-AF80-FAB83971E256}.AppStore|ARM.ActiveCfg = Release|ARM
		{FB7DEB89-AFEA-446E-AF80-FAB83971E256}.AppStore|ARM.Build.0 = Release|ARM
		{FB7DEB89-AFEA-446E-AF80-FAB83971E256}.AppStore|ARM.Deploy.0 = Release|ARM
		{FB7DEB89-AFEA-446E-AF80-FAB83971E256}.AppStore|iPhone.ActiveCfg = Release|Any CPU
		{FB7DEB89-AFEA-446E-AF80-FAB83971E256}.AppStore|iPhone.Build.0 = Release|Any CPU
		{FB7DEB89-AFEA-446E-AF80-FAB83971E256}.AppStore|iPhone.Deploy.0 = Release|Any CPU
		{FB7DEB89-AFEA-446E-AF80-FAB83971E256}.AppStore|iPhoneSimulator.ActiveCfg = Release|Any CPU
		{FB7DEB89-AFEA-446E-AF80-FAB83971E256}.AppStore|iPhoneSimulator.Build.0 = Release|Any CPU
		{FB7DEB89-AFEA-446E-AF80-FAB83971E256}.AppStore|iPhoneSimulator.Deploy.0 = Release|Any CPU
		{FB7DEB89-AFEA-446E-AF80-FAB83971E256}.AppStore|x64.ActiveCfg = Release|x64
		{FB7DEB89-AFEA-446E-AF80-FAB83971E256}.AppStore|x64.Build.0 = Release|x64
		{FB7DEB89-AFEA-446E-AF80-FAB83971E256}.AppStore|x64.Deploy.0 = Release|x64
		{FB7DEB89-AFEA-446E-AF80-FAB83971E256}.AppStore|x86.ActiveCfg = Release|x86
		{FB7DEB89-AFEA-446E-AF80-FAB83971E256}.AppStore|x86.Build.0 = Release|x86
		{FB7DEB89-AFEA-446E-AF80-FAB83971E256}.AppStore|x86.Deploy.0 = Release|x86
		{FB7DEB89-AFEA-446E-AF80-FAB83971E256}.Debug|Any CPU.ActiveCfg = Debug|Any CPU
		{FB7DEB89-AFEA-446E-AF80-FAB83971E256}.Debug|Any CPU.Build.0 = Debug|Any CPU
		{FB7DEB89-AFEA-446E-AF80-FAB83971E256}.Debug|Any CPU.Deploy.0 = Debug|Any CPU
		{FB7DEB89-AFEA-446E-AF80-FAB83971E256}.Debug|ARM.ActiveCfg = Debug|ARM
		{FB7DEB89-AFEA-446E-AF80-FAB83971E256}.Debug|ARM.Build.0 = Debug|ARM
		{FB7DEB89-AFEA-446E-AF80-FAB83971E256}.Debug|ARM.Deploy.0 = Debug|ARM
		{FB7DEB89-AFEA-446E-AF80-FAB83971E256}.Debug|iPhone.ActiveCfg = Debug|Any CPU
		{FB7DEB89-AFEA-446E-AF80-FAB83971E256}.Debug|iPhone.Build.0 = Debug|Any CPU
		{FB7DEB89-AFEA-446E-AF80-FAB83971E256}.Debug|iPhone.Deploy.0 = Debug|Any CPU
		{FB7DEB89-AFEA-446E-AF80-FAB83971E256}.Debug|iPhoneSimulator.ActiveCfg = Debug|Any CPU
		{FB7DEB89-AFEA-446E-AF80-FAB83971E256}.Debug|iPhoneSimulator.Build.0 = Debug|Any CPU
		{FB7DEB89-AFEA-446E-AF80-FAB83971E256}.Debug|iPhoneSimulator.Deploy.0 = Debug|Any CPU
		{FB7DEB89-AFEA-446E-AF80-FAB83971E256}.Debug|x64.ActiveCfg = Debug|x64
		{FB7DEB89-AFEA-446E-AF80-FAB83971E256}.Debug|x64.Build.0 = Debug|x64
		{FB7DEB89-AFEA-446E-AF80-FAB83971E256}.Debug|x64.Deploy.0 = Debug|x64
		{FB7DEB89-AFEA-446E-AF80-FAB83971E256}.Debug|x86.ActiveCfg = Debug|x86
		{FB7DEB89-AFEA-446E-AF80-FAB83971E256}.Debug|x86.Build.0 = Debug|x86
		{FB7DEB89-AFEA-446E-AF80-FAB83971E256}.Debug|x86.Deploy.0 = Debug|x86
		{FB7DEB89-AFEA-446E-AF80-FAB83971E256}.Release|Any CPU.ActiveCfg = Release|Any CPU
		{FB7DEB89-AFEA-446E-AF80-FAB83971E256}.Release|Any CPU.Build.0 = Release|Any CPU
		{FB7DEB89-AFEA-446E-AF80-FAB83971E256}.Release|Any CPU.Deploy.0 = Release|Any CPU
		{FB7DEB89-AFEA-446E-AF80-FAB83971E256}.Release|ARM.ActiveCfg = Release|ARM
		{FB7DEB89-AFEA-446E-AF80-FAB83971E256}.Release|ARM.Build.0 = Release|ARM
		{FB7DEB89-AFEA-446E-AF80-FAB83971E256}.Release|ARM.Deploy.0 = Release|ARM
		{FB7DEB89-AFEA-446E-AF80-FAB83971E256}.Release|iPhone.ActiveCfg = Release|Any CPU
		{FB7DEB89-AFEA-446E-AF80-FAB83971E256}.Release|iPhone.Build.0 = Release|Any CPU
		{FB7DEB89-AFEA-446E-AF80-FAB83971E256}.Release|iPhone.Deploy.0 = Release|Any CPU
		{FB7DEB89-AFEA-446E-AF80-FAB83971E256}.Release|iPhoneSimulator.ActiveCfg = Release|Any CPU
		{FB7DEB89-AFEA-446E-AF80-FAB83971E256}.Release|iPhoneSimulator.Build.0 = Release|Any CPU
		{FB7DEB89-AFEA-446E-AF80-FAB83971E256}.Release|iPhoneSimulator.Deploy.0 = Release|Any CPU
		{FB7DEB89-AFEA-446E-AF80-FAB83971E256}.Release|x64.ActiveCfg = Release|x64
		{FB7DEB89-AFEA-446E-AF80-FAB83971E256}.Release|x64.Build.0 = Release|x64
		{FB7DEB89-AFEA-446E-AF80-FAB83971E256}.Release|x64.Deploy.0 = Release|x64
		{FB7DEB89-AFEA-446E-AF80-FAB83971E256}.Release|x86.ActiveCfg = Release|x86
		{FB7DEB89-AFEA-446E-AF80-FAB83971E256}.Release|x86.Build.0 = Release|x86
		{FB7DEB89-AFEA-446E-AF80-FAB83971E256}.Release|x86.Deploy.0 = Release|x86
		{82D85215-BD27-4366-9E67-E83E67EB2D8A}.Ad-Hoc|Any CPU.ActiveCfg = Release|Any CPU
		{82D85215-BD27-4366-9E67-E83E67EB2D8A}.Ad-Hoc|Any CPU.Build.0 = Release|Any CPU
		{82D85215-BD27-4366-9E67-E83E67EB2D8A}.Ad-Hoc|ARM.ActiveCfg = Release|Any CPU
		{82D85215-BD27-4366-9E67-E83E67EB2D8A}.Ad-Hoc|ARM.Build.0 = Release|Any CPU
		{82D85215-BD27-4366-9E67-E83E67EB2D8A}.Ad-Hoc|iPhone.ActiveCfg = Release|Any CPU
		{82D85215-BD27-4366-9E67-E83E67EB2D8A}.Ad-Hoc|iPhone.Build.0 = Release|Any CPU
		{82D85215-BD27-4366-9E67-E83E67EB2D8A}.Ad-Hoc|iPhoneSimulator.ActiveCfg = Release|Any CPU
		{82D85215-BD27-4366-9E67-E83E67EB2D8A}.Ad-Hoc|iPhoneSimulator.Build.0 = Release|Any CPU
		{82D85215-BD27-4366-9E67-E83E67EB2D8A}.Ad-Hoc|x64.ActiveCfg = Release|Any CPU
		{82D85215-BD27-4366-9E67-E83E67EB2D8A}.Ad-Hoc|x64.Build.0 = Release|Any CPU
		{82D85215-BD27-4366-9E67-E83E67EB2D8A}.Ad-Hoc|x86.ActiveCfg = Release|Any CPU
		{82D85215-BD27-4366-9E67-E83E67EB2D8A}.Ad-Hoc|x86.Build.0 = Release|Any CPU
		{82D85215-BD27-4366-9E67-E83E67EB2D8A}.AppStore|Any CPU.ActiveCfg = Release|Any CPU
		{82D85215-BD27-4366-9E67-E83E67EB2D8A}.AppStore|Any CPU.Build.0 = Release|Any CPU
		{82D85215-BD27-4366-9E67-E83E67EB2D8A}.AppStore|ARM.ActiveCfg = Release|Any CPU
		{82D85215-BD27-4366-9E67-E83E67EB2D8A}.AppStore|ARM.Build.0 = Release|Any CPU
		{82D85215-BD27-4366-9E67-E83E67EB2D8A}.AppStore|iPhone.ActiveCfg = Release|Any CPU
		{82D85215-BD27-4366-9E67-E83E67EB2D8A}.AppStore|iPhone.Build.0 = Release|Any CPU
		{82D85215-BD27-4366-9E67-E83E67EB2D8A}.AppStore|iPhoneSimulator.ActiveCfg = Release|Any CPU
		{82D85215-BD27-4366-9E67-E83E67EB2D8A}.AppStore|iPhoneSimulator.Build.0 = Release|Any CPU
		{82D85215-BD27-4366-9E67-E83E67EB2D8A}.AppStore|x64.ActiveCfg = Release|Any CPU
		{82D85215-BD27-4366-9E67-E83E67EB2D8A}.AppStore|x64.Build.0 = Release|Any CPU
		{82D85215-BD27-4366-9E67-E83E67EB2D8A}.AppStore|x86.ActiveCfg = Release|Any CPU
		{82D85215-BD27-4366-9E67-E83E67EB2D8A}.AppStore|x86.Build.0 = Release|Any CPU
		{82D85215-BD27-4366-9E67-E83E67EB2D8A}.Debug|Any CPU.ActiveCfg = Debug|Any CPU
		{82D85215-BD27-4366-9E67-E83E67EB2D8A}.Debug|Any CPU.Build.0 = Debug|Any CPU
		{82D85215-BD27-4366-9E67-E83E67EB2D8A}.Debug|ARM.ActiveCfg = Debug|Any CPU
		{82D85215-BD27-4366-9E67-E83E67EB2D8A}.Debug|ARM.Build.0 = Debug|Any CPU
		{82D85215-BD27-4366-9E67-E83E67EB2D8A}.Debug|iPhone.ActiveCfg = Debug|Any CPU
		{82D85215-BD27-4366-9E67-E83E67EB2D8A}.Debug|iPhone.Build.0 = Debug|Any CPU
		{82D85215-BD27-4366-9E67-E83E67EB2D8A}.Debug|iPhoneSimulator.ActiveCfg = Debug|Any CPU
		{82D85215-BD27-4366-9E67-E83E67EB2D8A}.Debug|iPhoneSimulator.Build.0 = Debug|Any CPU
		{82D85215-BD27-4366-9E67-E83E67EB2D8A}.Debug|x64.ActiveCfg = Debug|Any CPU
		{82D85215-BD27-4366-9E67-E83E67EB2D8A}.Debug|x64.Build.0 = Debug|Any CPU
		{82D85215-BD27-4366-9E67-E83E67EB2D8A}.Debug|x86.ActiveCfg = Debug|Any CPU
		{82D85215-BD27-4366-9E67-E83E67EB2D8A}.Debug|x86.Build.0 = Debug|Any CPU
		{82D85215-BD27-4366-9E67-E83E67EB2D8A}.Release|Any CPU.ActiveCfg = Release|Any CPU
		{82D85215-BD27-4366-9E67-E83E67EB2D8A}.Release|Any CPU.Build.0 = Release|Any CPU
		{82D85215-BD27-4366-9E67-E83E67EB2D8A}.Release|ARM.ActiveCfg = Release|Any CPU
		{82D85215-BD27-4366-9E67-E83E67EB2D8A}.Release|ARM.Build.0 = Release|Any CPU
		{82D85215-BD27-4366-9E67-E83E67EB2D8A}.Release|iPhone.ActiveCfg = Release|Any CPU
		{82D85215-BD27-4366-9E67-E83E67EB2D8A}.Release|iPhone.Build.0 = Release|Any CPU
		{82D85215-BD27-4366-9E67-E83E67EB2D8A}.Release|iPhoneSimulator.ActiveCfg = Release|Any CPU
		{82D85215-BD27-4366-9E67-E83E67EB2D8A}.Release|iPhoneSimulator.Build.0 = Release|Any CPU
		{82D85215-BD27-4366-9E67-E83E67EB2D8A}.Release|x64.ActiveCfg = Release|Any CPU
		{82D85215-BD27-4366-9E67-E83E67EB2D8A}.Release|x64.Build.0 = Release|Any CPU
		{82D85215-BD27-4366-9E67-E83E67EB2D8A}.Release|x86.ActiveCfg = Release|Any CPU
		{82D85215-BD27-4366-9E67-E83E67EB2D8A}.Release|x86.Build.0 = Release|Any CPU
		{45FDC0E1-8309-4965-B4B3-B94BCC35B0DA}.Ad-Hoc|Any CPU.ActiveCfg = Release|Any CPU
		{45FDC0E1-8309-4965-B4B3-B94BCC35B0DA}.Ad-Hoc|Any CPU.Build.0 = Release|Any CPU
		{45FDC0E1-8309-4965-B4B3-B94BCC35B0DA}.Ad-Hoc|Any CPU.Deploy.0 = Release|Any CPU
		{45FDC0E1-8309-4965-B4B3-B94BCC35B0DA}.Ad-Hoc|ARM.ActiveCfg = Release|Any CPU
		{45FDC0E1-8309-4965-B4B3-B94BCC35B0DA}.Ad-Hoc|ARM.Build.0 = Release|Any CPU
		{45FDC0E1-8309-4965-B4B3-B94BCC35B0DA}.Ad-Hoc|ARM.Deploy.0 = Release|Any CPU
		{45FDC0E1-8309-4965-B4B3-B94BCC35B0DA}.Ad-Hoc|iPhone.ActiveCfg = Release|Any CPU
		{45FDC0E1-8309-4965-B4B3-B94BCC35B0DA}.Ad-Hoc|iPhone.Build.0 = Release|Any CPU
		{45FDC0E1-8309-4965-B4B3-B94BCC35B0DA}.Ad-Hoc|iPhone.Deploy.0 = Release|Any CPU
		{45FDC0E1-8309-4965-B4B3-B94BCC35B0DA}.Ad-Hoc|iPhoneSimulator.ActiveCfg = Release|Any CPU
		{45FDC0E1-8309-4965-B4B3-B94BCC35B0DA}.Ad-Hoc|iPhoneSimulator.Build.0 = Release|Any CPU
		{45FDC0E1-8309-4965-B4B3-B94BCC35B0DA}.Ad-Hoc|iPhoneSimulator.Deploy.0 = Release|Any CPU
		{45FDC0E1-8309-4965-B4B3-B94BCC35B0DA}.Ad-Hoc|x64.ActiveCfg = Release|Any CPU
		{45FDC0E1-8309-4965-B4B3-B94BCC35B0DA}.Ad-Hoc|x64.Build.0 = Release|Any CPU
		{45FDC0E1-8309-4965-B4B3-B94BCC35B0DA}.Ad-Hoc|x64.Deploy.0 = Release|Any CPU
		{45FDC0E1-8309-4965-B4B3-B94BCC35B0DA}.Ad-Hoc|x86.ActiveCfg = Release|Any CPU
		{45FDC0E1-8309-4965-B4B3-B94BCC35B0DA}.Ad-Hoc|x86.Build.0 = Release|Any CPU
		{45FDC0E1-8309-4965-B4B3-B94BCC35B0DA}.Ad-Hoc|x86.Deploy.0 = Release|Any CPU
		{45FDC0E1-8309-4965-B4B3-B94BCC35B0DA}.AppStore|Any CPU.ActiveCfg = Release|Any CPU
		{45FDC0E1-8309-4965-B4B3-B94BCC35B0DA}.AppStore|Any CPU.Build.0 = Release|Any CPU
		{45FDC0E1-8309-4965-B4B3-B94BCC35B0DA}.AppStore|Any CPU.Deploy.0 = Release|Any CPU
		{45FDC0E1-8309-4965-B4B3-B94BCC35B0DA}.AppStore|ARM.ActiveCfg = Release|Any CPU
		{45FDC0E1-8309-4965-B4B3-B94BCC35B0DA}.AppStore|ARM.Build.0 = Release|Any CPU
		{45FDC0E1-8309-4965-B4B3-B94BCC35B0DA}.AppStore|ARM.Deploy.0 = Release|Any CPU
		{45FDC0E1-8309-4965-B4B3-B94BCC35B0DA}.AppStore|iPhone.ActiveCfg = Release|Any CPU
		{45FDC0E1-8309-4965-B4B3-B94BCC35B0DA}.AppStore|iPhone.Build.0 = Release|Any CPU
		{45FDC0E1-8309-4965-B4B3-B94BCC35B0DA}.AppStore|iPhone.Deploy.0 = Release|Any CPU
		{45FDC0E1-8309-4965-B4B3-B94BCC35B0DA}.AppStore|iPhoneSimulator.ActiveCfg = Release|Any CPU
		{45FDC0E1-8309-4965-B4B3-B94BCC35B0DA}.AppStore|iPhoneSimulator.Build.0 = Release|Any CPU
		{45FDC0E1-8309-4965-B4B3-B94BCC35B0DA}.AppStore|iPhoneSimulator.Deploy.0 = Release|Any CPU
		{45FDC0E1-8309-4965-B4B3-B94BCC35B0DA}.AppStore|x64.ActiveCfg = Release|Any CPU
		{45FDC0E1-8309-4965-B4B3-B94BCC35B0DA}.AppStore|x64.Build.0 = Release|Any CPU
		{45FDC0E1-8309-4965-B4B3-B94BCC35B0DA}.AppStore|x64.Deploy.0 = Release|Any CPU
		{45FDC0E1-8309-4965-B4B3-B94BCC35B0DA}.AppStore|x86.ActiveCfg = Release|Any CPU
		{45FDC0E1-8309-4965-B4B3-B94BCC35B0DA}.AppStore|x86.Build.0 = Release|Any CPU
		{45FDC0E1-8309-4965-B4B3-B94BCC35B0DA}.AppStore|x86.Deploy.0 = Release|Any CPU
		{45FDC0E1-8309-4965-B4B3-B94BCC35B0DA}.Debug|Any CPU.ActiveCfg = Debug|Any CPU
		{45FDC0E1-8309-4965-B4B3-B94BCC35B0DA}.Debug|Any CPU.Build.0 = Debug|Any CPU
		{45FDC0E1-8309-4965-B4B3-B94BCC35B0DA}.Debug|Any CPU.Deploy.0 = Debug|Any CPU
		{45FDC0E1-8309-4965-B4B3-B94BCC35B0DA}.Debug|ARM.ActiveCfg = Debug|Any CPU
		{45FDC0E1-8309-4965-B4B3-B94BCC35B0DA}.Debug|ARM.Build.0 = Debug|Any CPU
		{45FDC0E1-8309-4965-B4B3-B94BCC35B0DA}.Debug|ARM.Deploy.0 = Debug|Any CPU
		{45FDC0E1-8309-4965-B4B3-B94BCC35B0DA}.Debug|iPhone.ActiveCfg = Debug|Any CPU
		{45FDC0E1-8309-4965-B4B3-B94BCC35B0DA}.Debug|iPhone.Build.0 = Debug|Any CPU
		{45FDC0E1-8309-4965-B4B3-B94BCC35B0DA}.Debug|iPhone.Deploy.0 = Debug|Any CPU
		{45FDC0E1-8309-4965-B4B3-B94BCC35B0DA}.Debug|iPhoneSimulator.ActiveCfg = Debug|Any CPU
		{45FDC0E1-8309-4965-B4B3-B94BCC35B0DA}.Debug|iPhoneSimulator.Build.0 = Debug|Any CPU
		{45FDC0E1-8309-4965-B4B3-B94BCC35B0DA}.Debug|iPhoneSimulator.Deploy.0 = Debug|Any CPU
		{45FDC0E1-8309-4965-B4B3-B94BCC35B0DA}.Debug|x64.ActiveCfg = Debug|Any CPU
		{45FDC0E1-8309-4965-B4B3-B94BCC35B0DA}.Debug|x64.Build.0 = Debug|Any CPU
		{45FDC0E1-8309-4965-B4B3-B94BCC35B0DA}.Debug|x64.Deploy.0 = Debug|Any CPU
		{45FDC0E1-8309-4965-B4B3-B94BCC35B0DA}.Debug|x86.ActiveCfg = Debug|Any CPU
		{45FDC0E1-8309-4965-B4B3-B94BCC35B0DA}.Debug|x86.Build.0 = Debug|Any CPU
		{45FDC0E1-8309-4965-B4B3-B94BCC35B0DA}.Debug|x86.Deploy.0 = Debug|Any CPU
		{45FDC0E1-8309-4965-B4B3-B94BCC35B0DA}.Release|Any CPU.ActiveCfg = Release|Any CPU
		{45FDC0E1-8309-4965-B4B3-B94BCC35B0DA}.Release|Any CPU.Build.0 = Release|Any CPU
		{45FDC0E1-8309-4965-B4B3-B94BCC35B0DA}.Release|Any CPU.Deploy.0 = Release|Any CPU
		{45FDC0E1-8309-4965-B4B3-B94BCC35B0DA}.Release|ARM.ActiveCfg = Release|Any CPU
		{45FDC0E1-8309-4965-B4B3-B94BCC35B0DA}.Release|ARM.Build.0 = Release|Any CPU
		{45FDC0E1-8309-4965-B4B3-B94BCC35B0DA}.Release|ARM.Deploy.0 = Release|Any CPU
		{45FDC0E1-8309-4965-B4B3-B94BCC35B0DA}.Release|iPhone.ActiveCfg = Release|Any CPU
		{45FDC0E1-8309-4965-B4B3-B94BCC35B0DA}.Release|iPhone.Build.0 = Release|Any CPU
		{45FDC0E1-8309-4965-B4B3-B94BCC35B0DA}.Release|iPhone.Deploy.0 = Release|Any CPU
		{45FDC0E1-8309-4965-B4B3-B94BCC35B0DA}.Release|iPhoneSimulator.ActiveCfg = Release|Any CPU
		{45FDC0E1-8309-4965-B4B3-B94BCC35B0DA}.Release|iPhoneSimulator.Build.0 = Release|Any CPU
		{45FDC0E1-8309-4965-B4B3-B94BCC35B0DA}.Release|iPhoneSimulator.Deploy.0 = Release|Any CPU
		{45FDC0E1-8309-4965-B4B3-B94BCC35B0DA}.Release|x64.ActiveCfg = Release|Any CPU
		{45FDC0E1-8309-4965-B4B3-B94BCC35B0DA}.Release|x64.Build.0 = Release|Any CPU
		{45FDC0E1-8309-4965-B4B3-B94BCC35B0DA}.Release|x64.Deploy.0 = Release|Any CPU
		{45FDC0E1-8309-4965-B4B3-B94BCC35B0DA}.Release|x86.ActiveCfg = Release|Any CPU
		{45FDC0E1-8309-4965-B4B3-B94BCC35B0DA}.Release|x86.Build.0 = Release|Any CPU
		{45FDC0E1-8309-4965-B4B3-B94BCC35B0DA}.Release|x86.Deploy.0 = Release|Any CPU
		{3F6E6002-6280-45E2-BDC3-325DDA8A0B1E}.Ad-Hoc|Any CPU.ActiveCfg = Release|Any CPU
		{3F6E6002-6280-45E2-BDC3-325DDA8A0B1E}.Ad-Hoc|Any CPU.Build.0 = Release|Any CPU
		{3F6E6002-6280-45E2-BDC3-325DDA8A0B1E}.Ad-Hoc|ARM.ActiveCfg = Release|Any CPU
		{3F6E6002-6280-45E2-BDC3-325DDA8A0B1E}.Ad-Hoc|ARM.Build.0 = Release|Any CPU
		{3F6E6002-6280-45E2-BDC3-325DDA8A0B1E}.Ad-Hoc|iPhone.ActiveCfg = Release|Any CPU
		{3F6E6002-6280-45E2-BDC3-325DDA8A0B1E}.Ad-Hoc|iPhone.Build.0 = Release|Any CPU
		{3F6E6002-6280-45E2-BDC3-325DDA8A0B1E}.Ad-Hoc|iPhoneSimulator.ActiveCfg = Release|Any CPU
		{3F6E6002-6280-45E2-BDC3-325DDA8A0B1E}.Ad-Hoc|iPhoneSimulator.Build.0 = Release|Any CPU
		{3F6E6002-6280-45E2-BDC3-325DDA8A0B1E}.Ad-Hoc|x64.ActiveCfg = Release|Any CPU
		{3F6E6002-6280-45E2-BDC3-325DDA8A0B1E}.Ad-Hoc|x64.Build.0 = Release|Any CPU
		{3F6E6002-6280-45E2-BDC3-325DDA8A0B1E}.Ad-Hoc|x86.ActiveCfg = Release|Any CPU
		{3F6E6002-6280-45E2-BDC3-325DDA8A0B1E}.Ad-Hoc|x86.Build.0 = Release|Any CPU
		{3F6E6002-6280-45E2-BDC3-325DDA8A0B1E}.AppStore|Any CPU.ActiveCfg = Release|Any CPU
		{3F6E6002-6280-45E2-BDC3-325DDA8A0B1E}.AppStore|Any CPU.Build.0 = Release|Any CPU
		{3F6E6002-6280-45E2-BDC3-325DDA8A0B1E}.AppStore|ARM.ActiveCfg = Release|Any CPU
		{3F6E6002-6280-45E2-BDC3-325DDA8A0B1E}.AppStore|ARM.Build.0 = Release|Any CPU
		{3F6E6002-6280-45E2-BDC3-325DDA8A0B1E}.AppStore|iPhone.ActiveCfg = Release|Any CPU
		{3F6E6002-6280-45E2-BDC3-325DDA8A0B1E}.AppStore|iPhone.Build.0 = Release|Any CPU
		{3F6E6002-6280-45E2-BDC3-325DDA8A0B1E}.AppStore|iPhoneSimulator.ActiveCfg = Release|Any CPU
		{3F6E6002-6280-45E2-BDC3-325DDA8A0B1E}.AppStore|iPhoneSimulator.Build.0 = Release|Any CPU
		{3F6E6002-6280-45E2-BDC3-325DDA8A0B1E}.AppStore|x64.ActiveCfg = Release|Any CPU
		{3F6E6002-6280-45E2-BDC3-325DDA8A0B1E}.AppStore|x64.Build.0 = Release|Any CPU
		{3F6E6002-6280-45E2-BDC3-325DDA8A0B1E}.AppStore|x86.ActiveCfg = Release|Any CPU
		{3F6E6002-6280-45E2-BDC3-325DDA8A0B1E}.AppStore|x86.Build.0 = Release|Any CPU
		{3F6E6002-6280-45E2-BDC3-325DDA8A0B1E}.Debug|Any CPU.ActiveCfg = Debug|Any CPU
		{3F6E6002-6280-45E2-BDC3-325DDA8A0B1E}.Debug|Any CPU.Build.0 = Debug|Any CPU
		{3F6E6002-6280-45E2-BDC3-325DDA8A0B1E}.Debug|ARM.ActiveCfg = Debug|Any CPU
		{3F6E6002-6280-45E2-BDC3-325DDA8A0B1E}.Debug|ARM.Build.0 = Debug|Any CPU
		{3F6E6002-6280-45E2-BDC3-325DDA8A0B1E}.Debug|iPhone.ActiveCfg = Debug|Any CPU
		{3F6E6002-6280-45E2-BDC3-325DDA8A0B1E}.Debug|iPhone.Build.0 = Debug|Any CPU
		{3F6E6002-6280-45E2-BDC3-325DDA8A0B1E}.Debug|iPhoneSimulator.ActiveCfg = Debug|Any CPU
		{3F6E6002-6280-45E2-BDC3-325DDA8A0B1E}.Debug|iPhoneSimulator.Build.0 = Debug|Any CPU
		{3F6E6002-6280-45E2-BDC3-325DDA8A0B1E}.Debug|x64.ActiveCfg = Debug|Any CPU
		{3F6E6002-6280-45E2-BDC3-325DDA8A0B1E}.Debug|x64.Build.0 = Debug|Any CPU
		{3F6E6002-6280-45E2-BDC3-325DDA8A0B1E}.Debug|x86.ActiveCfg = Debug|Any CPU
		{3F6E6002-6280-45E2-BDC3-325DDA8A0B1E}.Debug|x86.Build.0 = Debug|Any CPU
		{3F6E6002-6280-45E2-BDC3-325DDA8A0B1E}.Release|Any CPU.ActiveCfg = Release|Any CPU
		{3F6E6002-6280-45E2-BDC3-325DDA8A0B1E}.Release|Any CPU.Build.0 = Release|Any CPU
		{3F6E6002-6280-45E2-BDC3-325DDA8A0B1E}.Release|ARM.ActiveCfg = Release|Any CPU
		{3F6E6002-6280-45E2-BDC3-325DDA8A0B1E}.Release|ARM.Build.0 = Release|Any CPU
		{3F6E6002-6280-45E2-BDC3-325DDA8A0B1E}.Release|iPhone.ActiveCfg = Release|Any CPU
		{3F6E6002-6280-45E2-BDC3-325DDA8A0B1E}.Release|iPhone.Build.0 = Release|Any CPU
		{3F6E6002-6280-45E2-BDC3-325DDA8A0B1E}.Release|iPhoneSimulator.ActiveCfg = Release|Any CPU
		{3F6E6002-6280-45E2-BDC3-325DDA8A0B1E}.Release|iPhoneSimulator.Build.0 = Release|Any CPU
		{3F6E6002-6280-45E2-BDC3-325DDA8A0B1E}.Release|x64.ActiveCfg = Release|Any CPU
		{3F6E6002-6280-45E2-BDC3-325DDA8A0B1E}.Release|x64.Build.0 = Release|Any CPU
		{3F6E6002-6280-45E2-BDC3-325DDA8A0B1E}.Release|x86.ActiveCfg = Release|Any CPU
		{3F6E6002-6280-45E2-BDC3-325DDA8A0B1E}.Release|x86.Build.0 = Release|Any CPU
		{BBFE5CA9-90AC-4609-B2D0-B20EB2866EA1}.Ad-Hoc|Any CPU.ActiveCfg = Release|x86
		{BBFE5CA9-90AC-4609-B2D0-B20EB2866EA1}.Ad-Hoc|Any CPU.Build.0 = Release|x86
		{BBFE5CA9-90AC-4609-B2D0-B20EB2866EA1}.Ad-Hoc|Any CPU.Deploy.0 = Release|x86
		{BBFE5CA9-90AC-4609-B2D0-B20EB2866EA1}.Ad-Hoc|ARM.ActiveCfg = Release|ARM
		{BBFE5CA9-90AC-4609-B2D0-B20EB2866EA1}.Ad-Hoc|ARM.Build.0 = Release|ARM
		{BBFE5CA9-90AC-4609-B2D0-B20EB2866EA1}.Ad-Hoc|ARM.Deploy.0 = Release|ARM
		{BBFE5CA9-90AC-4609-B2D0-B20EB2866EA1}.Ad-Hoc|iPhone.ActiveCfg = Release|x86
		{BBFE5CA9-90AC-4609-B2D0-B20EB2866EA1}.Ad-Hoc|iPhone.Build.0 = Release|x86
		{BBFE5CA9-90AC-4609-B2D0-B20EB2866EA1}.Ad-Hoc|iPhone.Deploy.0 = Release|x86
		{BBFE5CA9-90AC-4609-B2D0-B20EB2866EA1}.Ad-Hoc|iPhoneSimulator.ActiveCfg = Release|x86
		{BBFE5CA9-90AC-4609-B2D0-B20EB2866EA1}.Ad-Hoc|iPhoneSimulator.Build.0 = Release|x86
		{BBFE5CA9-90AC-4609-B2D0-B20EB2866EA1}.Ad-Hoc|iPhoneSimulator.Deploy.0 = Release|x86
		{BBFE5CA9-90AC-4609-B2D0-B20EB2866EA1}.Ad-Hoc|x64.ActiveCfg = Release|x64
		{BBFE5CA9-90AC-4609-B2D0-B20EB2866EA1}.Ad-Hoc|x64.Build.0 = Release|x64
		{BBFE5CA9-90AC-4609-B2D0-B20EB2866EA1}.Ad-Hoc|x64.Deploy.0 = Release|x64
		{BBFE5CA9-90AC-4609-B2D0-B20EB2866EA1}.Ad-Hoc|x86.ActiveCfg = Release|x86
		{BBFE5CA9-90AC-4609-B2D0-B20EB2866EA1}.Ad-Hoc|x86.Build.0 = Release|x86
		{BBFE5CA9-90AC-4609-B2D0-B20EB2866EA1}.Ad-Hoc|x86.Deploy.0 = Release|x86
		{BBFE5CA9-90AC-4609-B2D0-B20EB2866EA1}.AppStore|Any CPU.ActiveCfg = Release|x86
		{BBFE5CA9-90AC-4609-B2D0-B20EB2866EA1}.AppStore|Any CPU.Build.0 = Release|x86
		{BBFE5CA9-90AC-4609-B2D0-B20EB2866EA1}.AppStore|Any CPU.Deploy.0 = Release|x86
		{BBFE5CA9-90AC-4609-B2D0-B20EB2866EA1}.AppStore|ARM.ActiveCfg = Release|ARM
		{BBFE5CA9-90AC-4609-B2D0-B20EB2866EA1}.AppStore|ARM.Build.0 = Release|ARM
		{BBFE5CA9-90AC-4609-B2D0-B20EB2866EA1}.AppStore|ARM.Deploy.0 = Release|ARM
		{BBFE5CA9-90AC-4609-B2D0-B20EB2866EA1}.AppStore|iPhone.ActiveCfg = Release|x86
		{BBFE5CA9-90AC-4609-B2D0-B20EB2866EA1}.AppStore|iPhone.Build.0 = Release|x86
		{BBFE5CA9-90AC-4609-B2D0-B20EB2866EA1}.AppStore|iPhone.Deploy.0 = Release|x86
		{BBFE5CA9-90AC-4609-B2D0-B20EB2866EA1}.AppStore|iPhoneSimulator.ActiveCfg = Release|x86
		{BBFE5CA9-90AC-4609-B2D0-B20EB2866EA1}.AppStore|iPhoneSimulator.Build.0 = Release|x86
		{BBFE5CA9-90AC-4609-B2D0-B20EB2866EA1}.AppStore|iPhoneSimulator.Deploy.0 = Release|x86
		{BBFE5CA9-90AC-4609-B2D0-B20EB2866EA1}.AppStore|x64.ActiveCfg = Release|x64
		{BBFE5CA9-90AC-4609-B2D0-B20EB2866EA1}.AppStore|x64.Build.0 = Release|x64
		{BBFE5CA9-90AC-4609-B2D0-B20EB2866EA1}.AppStore|x64.Deploy.0 = Release|x64
		{BBFE5CA9-90AC-4609-B2D0-B20EB2866EA1}.AppStore|x86.ActiveCfg = Release|x86
		{BBFE5CA9-90AC-4609-B2D0-B20EB2866EA1}.AppStore|x86.Build.0 = Release|x86
		{BBFE5CA9-90AC-4609-B2D0-B20EB2866EA1}.AppStore|x86.Deploy.0 = Release|x86
		{BBFE5CA9-90AC-4609-B2D0-B20EB2866EA1}.Debug|Any CPU.ActiveCfg = Debug|x86
		{BBFE5CA9-90AC-4609-B2D0-B20EB2866EA1}.Debug|ARM.ActiveCfg = Debug|ARM
		{BBFE5CA9-90AC-4609-B2D0-B20EB2866EA1}.Debug|ARM.Build.0 = Debug|ARM
		{BBFE5CA9-90AC-4609-B2D0-B20EB2866EA1}.Debug|ARM.Deploy.0 = Debug|ARM
		{BBFE5CA9-90AC-4609-B2D0-B20EB2866EA1}.Debug|iPhone.ActiveCfg = Debug|x86
		{BBFE5CA9-90AC-4609-B2D0-B20EB2866EA1}.Debug|iPhoneSimulator.ActiveCfg = Debug|x86
		{BBFE5CA9-90AC-4609-B2D0-B20EB2866EA1}.Debug|x64.ActiveCfg = Debug|x64
		{BBFE5CA9-90AC-4609-B2D0-B20EB2866EA1}.Debug|x64.Build.0 = Debug|x64
		{BBFE5CA9-90AC-4609-B2D0-B20EB2866EA1}.Debug|x64.Deploy.0 = Debug|x64
		{BBFE5CA9-90AC-4609-B2D0-B20EB2866EA1}.Debug|x86.ActiveCfg = Debug|x86
		{BBFE5CA9-90AC-4609-B2D0-B20EB2866EA1}.Debug|x86.Build.0 = Debug|x86
		{BBFE5CA9-90AC-4609-B2D0-B20EB2866EA1}.Debug|x86.Deploy.0 = Debug|x86
		{BBFE5CA9-90AC-4609-B2D0-B20EB2866EA1}.Release|Any CPU.ActiveCfg = Release|x86
		{BBFE5CA9-90AC-4609-B2D0-B20EB2866EA1}.Release|ARM.ActiveCfg = Release|ARM
		{BBFE5CA9-90AC-4609-B2D0-B20EB2866EA1}.Release|ARM.Build.0 = Release|ARM
		{BBFE5CA9-90AC-4609-B2D0-B20EB2866EA1}.Release|ARM.Deploy.0 = Release|ARM
		{BBFE5CA9-90AC-4609-B2D0-B20EB2866EA1}.Release|iPhone.ActiveCfg = Release|x86
		{BBFE5CA9-90AC-4609-B2D0-B20EB2866EA1}.Release|iPhoneSimulator.ActiveCfg = Release|x86
		{BBFE5CA9-90AC-4609-B2D0-B20EB2866EA1}.Release|x64.ActiveCfg = Release|x64
		{BBFE5CA9-90AC-4609-B2D0-B20EB2866EA1}.Release|x64.Build.0 = Release|x64
		{BBFE5CA9-90AC-4609-B2D0-B20EB2866EA1}.Release|x64.Deploy.0 = Release|x64
		{BBFE5CA9-90AC-4609-B2D0-B20EB2866EA1}.Release|x86.ActiveCfg = Release|x86
		{BBFE5CA9-90AC-4609-B2D0-B20EB2866EA1}.Release|x86.Build.0 = Release|x86
		{BBFE5CA9-90AC-4609-B2D0-B20EB2866EA1}.Release|x86.Deploy.0 = Release|x86
	EndGlobalSection
	GlobalSection(SolutionProperties) = preSolution
		HideSolutionNode = FALSE
	EndGlobalSection
EndGlobal
